
Microsoft Visual Studio Solution File, Format Version 12.00
# Visual Studio Version 16
VisualStudioVersion = 16.0.32002.261
MinimumVisualStudioVersion = 10.0.40219.1
Project("{9A19103F-16F7-4668-BE54-9A1E7A4F7556}") = "Domain", "Domain\Domain.csproj", "{EA48539A-1E96-4F3E-B594-F1934773B4E2}"
EndProject
Project("{FAE04EC0-301F-11D3-BF4B-00C04F79EFBC}") = "Repo", "Repo\Repo.csproj", "{B4DC4778-1D32-4996-A198-42FBB3EDCDD9}"
EndProject
Project("{FAE04EC0-301F-11D3-BF4B-00C04F79EFBC}") = "App", "App\App.csproj", "{868EBB11-7AF0-45DE-BDC0-4A06A06448D7}"
EndProject
Project("{FAE04EC0-301F-11D3-BF4B-00C04F79EFBC}") = "Service", "Service\Service.csproj", "{8086A251-C2B3-487A-8026-DC326D47D1DE}"
EndProject
Global
	GlobalSection(SolutionConfigurationPlatforms) = preSolution
		Debug|Any CPU = Debug|Any CPU
		Release|Any CPU = Release|Any CPU
	EndGlobalSection
	GlobalSection(ProjectConfigurationPlatforms) = postSolution
		{EA48539A-1E96-4F3E-B594-F1934773B4E2}.Debug|Any CPU.ActiveCfg = Debug|Any CPU
		{EA48539A-1E96-4F3E-B594-F1934773B4E2}.Debug|Any CPU.Build.0 = Debug|Any CPU
		{EA48539A-1E96-4F3E-B594-F1934773B4E2}.Release|Any CPU.ActiveCfg = Release|Any CPU
		{EA48539A-1E96-4F3E-B594-F1934773B4E2}.Release|Any CPU.Build.0 = Release|Any CPU
		{B4DC4778-1D32-4996-A198-42FBB3EDCDD9}.Debug|Any CPU.ActiveCfg = Debug|Any CPU
		{B4DC4778-1D32-4996-A198-42FBB3EDCDD9}.Debug|Any CPU.Build.0 = Debug|Any CPU
		{B4DC4778-1D32-4996-A198-42FBB3EDCDD9}.Release|Any CPU.ActiveCfg = Release|Any CPU
		{B4DC4778-1D32-4996-A198-42FBB3EDCDD9}.Release|Any CPU.Build.0 = Release|Any CPU
		{868EBB11-7AF0-45DE-BDC0-4A06A06448D7}.Debug|Any CPU.ActiveCfg = Debug|Any CPU
		{868EBB11-7AF0-45DE-BDC0-4A06A06448D7}.Debug|Any CPU.Build.0 = Debug|Any CPU
		{868EBB11-7AF0-45DE-BDC0-4A06A06448D7}.Release|Any CPU.ActiveCfg = Release|Any CPU
		{868EBB11-7AF0-45DE-BDC0-4A06A06448D7}.Release|Any CPU.Build.0 = Release|Any CPU
		{8086A251-C2B3-487A-8026-DC326D47D1DE}.Debug|Any CPU.ActiveCfg = Debug|Any CPU
		{8086A251-C2B3-487A-8026-DC326D47D1DE}.Debug|Any CPU.Build.0 = Debug|Any CPU
		{8086A251-C2B3-487A-8026-DC326D47D1DE}.Release|Any CPU.ActiveCfg = Release|Any CPU
		{8086A251-C2B3-487A-8026-DC326D47D1DE}.Release|Any CPU.Build.0 = Release|Any CPU
	EndGlobalSection
	GlobalSection(SolutionProperties) = preSolution
		HideSolutionNode = FALSE
	EndGlobalSection
	GlobalSection(ExtensibilityGlobals) = postSolution
		SolutionGuid = {5FB04423-4CA7-468C-BC1D-BB46DD9BFFAE}
	EndGlobalSection
EndGlobal
